
Microsoft Visual Studio Solution File, Format Version 12.00
# Visual Studio Version 16
VisualStudioVersion = 16.0.28729.10
MinimumVisualStudioVersion = 10.0.40219.1
Project("{FAE04EC0-301F-11D3-BF4B-00C04F79EFBC}") = "task", "task\task.csproj", "{791BE505-B2F1-4A98-9EDB-708D52795E4B}"
EndProject
Global
	GlobalSection(SolutionConfigurationPlatforms) = preSolution
		Debug|Any CPU = Debug|Any CPU
		Release|Any CPU = Release|Any CPU
	EndGlobalSection
	GlobalSection(ProjectConfigurationPlatforms) = postSolution
		{791BE505-B2F1-4A98-9EDB-708D52795E4B}.Debug|Any CPU.ActiveCfg = Debug|Any CPU
		{791BE505-B2F1-4A98-9EDB-708D52795E4B}.Debug|Any CPU.Build.0 = Debug|Any CPU
		{791BE505-B2F1-4A98-9EDB-708D52795E4B}.Release|Any CPU.ActiveCfg = Release|Any CPU
		{791BE505-B2F1-4A98-9EDB-708D52795E4B}.Release|Any CPU.Build.0 = Release|Any CPU
	EndGlobalSection
	GlobalSection(SolutionProperties) = preSolution
		HideSolutionNode = FALSE
	EndGlobalSection
	GlobalSection(ExtensibilityGlobals) = postSolution
		SolutionGuid = {9BFE57B0-B6DF-4181-8666-64AF7477581B}
	EndGlobalSection
EndGlobal
